{
  "name": "easy-image-loader",
  "version": "0.0.0",
  "lockfileVersion": 2,
  "requires": true,
  "packages": {
    "": {
      "name": "easy-image-loader",
      "version": "0.0.0",
      "license": "CC0-1.0"
    },
    "../srvd": {
      "version": "0.3.1",
      "integrity": "sha512-i/iXhsklDTd3IOh4d+KxRAX9RtlsOq6y65EdGfic8kvsed8sU72aqtKioheWWdkAH/Utmt3Wii5XDxtCut3jIg==",
      "extraneous": true,
      "dependencies": {
        "finalhandler": "^1.1.2",
        "serve-static": "^1.14.1"
      },
      "bin": {
        "srvd": "bin/srvd.js"
      }
    }
  }
}
